
Microsoft Visual Studio Solution File, Format Version 12.00
# Visual Studio Version 17
VisualStudioVersion = 17.14.36109.1 d17.14
MinimumVisualStudioVersion = 10.0.40219.1
Project("{FAE04EC0-301F-11D3-BF4B-00C04F79EFBC}") = "Battleships.Core", "Battleships.Core\Battleships.Core.csproj", "{7AC23F7E-460D-4DCD-98D0-2B256FA924DC}"
EndProject
Project("{FAE04EC0-301F-11D3-BF4B-00C04F79EFBC}") = "Battleships.Api", "Battleships.Api\Battleships.Api.csproj", "{9496EDA5-863D-4737-B707-B181283D593B}"
EndProject
Project("{FAE04EC0-301F-11D3-BF4B-00C04F79EFBC}") = "Battleships.ConsoleApp", "Battleships.ConsoleApp\Battleships.ConsoleApp.csproj", "{2EE32A3E-E523-4386-99DA-722A4F73B1A2}"
EndProject
Project("{FAE04EC0-301F-11D3-BF4B-00C04F79EFBC}") = "Battleships.Tests", "Battleships.Tests\Battleships.Tests.csproj", "{9F889477-F65D-41CF-AA5F-F38DA3DD37AA}"
EndProject
Global
	GlobalSection(SolutionConfigurationPlatforms) = preSolution
		Debug|Any CPU = Debug|Any CPU
		Release|Any CPU = Release|Any CPU
	EndGlobalSection
	GlobalSection(ProjectConfigurationPlatforms) = postSolution
		{7AC23F7E-460D-4DCD-98D0-2B256FA924DC}.Debug|Any CPU.ActiveCfg = Debug|Any CPU
		{7AC23F7E-460D-4DCD-98D0-2B256FA924DC}.Debug|Any CPU.Build.0 = Debug|Any CPU
		{7AC23F7E-460D-4DCD-98D0-2B256FA924DC}.Release|Any CPU.ActiveCfg = Release|Any CPU
		{7AC23F7E-460D-4DCD-98D0-2B256FA924DC}.Release|Any CPU.Build.0 = Release|Any CPU
		{9496EDA5-863D-4737-B707-B181283D593B}.Debug|Any CPU.ActiveCfg = Debug|Any CPU
		{9496EDA5-863D-4737-B707-B181283D593B}.Debug|Any CPU.Build.0 = Debug|Any CPU
		{9496EDA5-863D-4737-B707-B181283D593B}.Release|Any CPU.ActiveCfg = Release|Any CPU
		{9496EDA5-863D-4737-B707-B181283D593B}.Release|Any CPU.Build.0 = Release|Any CPU
		{2EE32A3E-E523-4386-99DA-722A4F73B1A2}.Debug|Any CPU.ActiveCfg = Debug|Any CPU
		{2EE32A3E-E523-4386-99DA-722A4F73B1A2}.Debug|Any CPU.Build.0 = Debug|Any CPU
		{2EE32A3E-E523-4386-99DA-722A4F73B1A2}.Release|Any CPU.ActiveCfg = Release|Any CPU
		{2EE32A3E-E523-4386-99DA-722A4F73B1A2}.Release|Any CPU.Build.0 = Release|Any CPU
		{9F889477-F65D-41CF-AA5F-F38DA3DD37AA}.Debug|Any CPU.ActiveCfg = Debug|Any CPU
		{9F889477-F65D-41CF-AA5F-F38DA3DD37AA}.Debug|Any CPU.Build.0 = Debug|Any CPU
		{9F889477-F65D-41CF-AA5F-F38DA3DD37AA}.Release|Any CPU.ActiveCfg = Release|Any CPU
		{9F889477-F65D-41CF-AA5F-F38DA3DD37AA}.Release|Any CPU.Build.0 = Release|Any CPU
	EndGlobalSection
	GlobalSection(SolutionProperties) = preSolution
		HideSolutionNode = FALSE
	EndGlobalSection
	GlobalSection(ExtensibilityGlobals) = postSolution
		SolutionGuid = {4AE4149C-87E1-4573-8702-EF89A0921688}
	EndGlobalSection
EndGlobal
